
Microsoft Visual Studio Solution File, Format Version 12.00
# Visual Studio Version 17
VisualStudioVersion = 17.14.36301.6
MinimumVisualStudioVersion = 10.0.40219.1
Project("{FAE04EC0-301F-11D3-BF4B-00C04F79EFBC}") = "ASP_MVC", "ASP_MVC\ASP_MVC.csproj", "{64A35F9C-7C24-4B61-9F44-5602E12E97D6}"
EndProject
Project("{FAE04EC0-301F-11D3-BF4B-00C04F79EFBC}") = "ASP_MVC.Tests", "ASP_MVC.Tests\ASP_MVC.Tests.csproj", "{CB22A926-3A7A-479B-AE67-5499BE1AEE69}"
EndProject
Global
	GlobalSection(SolutionConfigurationPlatforms) = preSolution
		Debug|Any CPU = Debug|Any CPU
		Debug|x64 = Debug|x64
		Debug|x86 = Debug|x86
		Release|Any CPU = Release|Any CPU
		Release|x64 = Release|x64
		Release|x86 = Release|x86
	EndGlobalSection
	GlobalSection(ProjectConfigurationPlatforms) = postSolution
		{64A35F9C-7C24-4B61-9F44-5602E12E97D6}.Debug|Any CPU.ActiveCfg = Debug|Any CPU
		{64A35F9C-7C24-4B61-9F44-5602E12E97D6}.Debug|Any CPU.Build.0 = Debug|Any CPU
		{64A35F9C-7C24-4B61-9F44-5602E12E97D6}.Debug|x64.ActiveCfg = Debug|Any CPU
		{64A35F9C-7C24-4B61-9F44-5602E12E97D6}.Debug|x64.Build.0 = Debug|Any CPU
		{64A35F9C-7C24-4B61-9F44-5602E12E97D6}.Debug|x86.ActiveCfg = Debug|Any CPU
		{64A35F9C-7C24-4B61-9F44-5602E12E97D6}.Debug|x86.Build.0 = Debug|Any CPU
		{64A35F9C-7C24-4B61-9F44-5602E12E97D6}.Release|Any CPU.ActiveCfg = Release|Any CPU
		{64A35F9C-7C24-4B61-9F44-5602E12E97D6}.Release|Any CPU.Build.0 = Release|Any CPU
		{64A35F9C-7C24-4B61-9F44-5602E12E97D6}.Release|x64.ActiveCfg = Release|Any CPU
		{64A35F9C-7C24-4B61-9F44-5602E12E97D6}.Release|x64.Build.0 = Release|Any CPU
		{64A35F9C-7C24-4B61-9F44-5602E12E97D6}.Release|x86.ActiveCfg = Release|Any CPU
		{64A35F9C-7C24-4B61-9F44-5602E12E97D6}.Release|x86.Build.0 = Release|Any CPU
		{CB22A926-3A7A-479B-AE67-5499BE1AEE69}.Debug|Any CPU.ActiveCfg = Debug|Any CPU
		{CB22A926-3A7A-479B-AE67-5499BE1AEE69}.Debug|Any CPU.Build.0 = Debug|Any CPU
		{CB22A926-3A7A-479B-AE67-5499BE1AEE69}.Debug|x64.ActiveCfg = Debug|Any CPU
		{CB22A926-3A7A-479B-AE67-5499BE1AEE69}.Debug|x64.Build.0 = Debug|Any CPU
		{CB22A926-3A7A-479B-AE67-5499BE1AEE69}.Debug|x86.ActiveCfg = Debug|Any CPU
		{CB22A926-3A7A-479B-AE67-5499BE1AEE69}.Debug|x86.Build.0 = Debug|Any CPU
		{CB22A926-3A7A-479B-AE67-5499BE1AEE69}.Release|Any CPU.ActiveCfg = Release|Any CPU
		{CB22A926-3A7A-479B-AE67-5499BE1AEE69}.Release|Any CPU.Build.0 = Release|Any CPU
		{CB22A926-3A7A-479B-AE67-5499BE1AEE69}.Release|x64.ActiveCfg = Release|Any CPU
		{CB22A926-3A7A-479B-AE67-5499BE1AEE69}.Release|x64.Build.0 = Release|Any CPU
		{CB22A926-3A7A-479B-AE67-5499BE1AEE69}.Release|x86.ActiveCfg = Release|Any CPU
		{CB22A926-3A7A-479B-AE67-5499BE1AEE69}.Release|x86.Build.0 = Release|Any CPU
	EndGlobalSection
	GlobalSection(SolutionProperties) = preSolution
		HideSolutionNode = FALSE
	EndGlobalSection
	GlobalSection(ExtensibilityGlobals) = postSolution
		SolutionGuid = {0FFE7BA0-A93D-4317-9948-26142A553C9F}
	EndGlobalSection
EndGlobal
